// !$*UTF8*$!
{
	archiveVersion = 1;
	classes = {
	};
	objectVersion = 46;
	objects = {

/* Begin PBXBuildFile section */
		E0C527781E5EC894006DA0C3 /* AppDelegate.swift in Sources */ = {isa = PBXBuildFile; fileRef = E0C527771E5EC894006DA0C3 /* AppDelegate.swift */; };
		E0C5277A1E5EC894006DA0C3 /* FirstViewController.swift in Sources */ = {isa = PBXBuildFile; fileRef = E0C527791E5EC894006DA0C3 /* FirstViewController.swift */; };
		E0C5277C1E5EC894006DA0C3 /* SecondViewController.swift in Sources */ = {isa = PBXBuildFile; fileRef = E0C5277B1E5EC894006DA0C3 /* SecondViewController.swift */; };
		E0C5277F1E5EC894006DA0C3 /* Main.storyboard in Resources */ = {isa = PBXBuildFile; fileRef = E0C5277D1E5EC894006DA0C3 /* Main.storyboard */; };
		E0C527811E5EC894006DA0C3 /* Assets.xcassets in Resources */ = {isa = PBXBuildFile; fileRef = E0C527801E5EC894006DA0C3 /* Assets.xcassets */; };
		E0C527841E5EC894006DA0C3 /* LaunchScreen.storyboard in Resources */ = {isa = PBXBuildFile; fileRef = E0C527821E5EC894006DA0C3 /* LaunchScreen.storyboard */; };
		E0C5278C1E5EC99C006DA0C3 /* Theme.swift in Sources */ = {isa = PBXBuildFile; fileRef = E0C5278B1E5EC99C006DA0C3 /* Theme.swift */; };
/* End PBXBuildFile section */

/* Begin PBXFileReference section */
		E0C527741E5EC894006DA0C3 /* Appearance.app */ = {isa = PBXFileReference; explicitFileType = wrapper.application; includeInIndex = 0; path = Appearance.app; sourceTree = BUILT_PRODUCTS_DIR; };
		E0C527771E5EC894006DA0C3 /* AppDelegate.swift */ = {isa = PBXFileReference; lastKnownFileType = sourcecode.swift; path = AppDelegate.swift; sourceTree = "<group>"; };
		E0C527791E5EC894006DA0C3 /* FirstViewController.swift */ = {isa = PBXFileReference; lastKnownFileType = sourcecode.swift; path = FirstViewController.swift; sourceTree = "<group>"; };
		E0C5277B1E5EC894006DA0C3 /* SecondViewController.swift */ = {isa = PBXFileReference; lastKnownFileType = sourcecode.swift; path = SecondViewController.swift; sourceTree = "<group>"; };
		E0C5277E1E5EC894006DA0C3 /* Base */ = {isa = PBXFileReference; lastKnownFileType = file.storyboard; name = Base; path = Base.lproj/Main.storyboard; sourceTree = "<group>"; };
		E0C527801E5EC894006DA0C3 /* Assets.xcassets */ = {isa = PBXFileReference; lastKnownFileType = folder.assetcatalog; path = Assets.xcassets; sourceTree = "<group>"; };
		E0C527831E5EC894006DA0C3 /* Base */ = {isa = PBXFileReference; lastKnownFileType = file.storyboard; name = Base; path = Base.lproj/LaunchScreen.storyboard; sourceTree = "<group>"; };
		E0C527851E5EC894006DA0C3 /* Info.plist */ = {isa = PBXFileReference; lastKnownFileType = text.plist.xml; path = Info.plist; sourceTree = "<group>"; };
		E0C5278B1E5EC99C006DA0C3 /* Theme.swift */ = {isa = PBXFileReference; fileEncoding = 4; lastKnownFileType = sourcecode.swift; path = Theme.swift; sourceTree = "<group>"; };
/* End PBXFileReference section */

/* Begin PBXFrameworksBuildPhase section */
		E0C527711E5EC893006DA0C3 /* Frameworks */ = {
			isa = PBXFrameworksBuildPhase;
			buildActionMask = 2147483647;
			files = (
			);
			runOnlyForDeploymentPostprocessing = 0;
		};
/* End PBXFrameworksBuildPhase section */

/* Begin PBXGroup section */
		E0C5276B1E5EC893006DA0C3 = {
			isa = PBXGroup;
			children = (
				E0C527761E5EC894006DA0C3 /* Appearance */,
				E0C527751E5EC894006DA0C3 /* Products */,
			);
			sourceTree = "<group>";
		};
		E0C527751E5EC894006DA0C3 /* Products */ = {
			isa = PBXGroup;
			children = (
				E0C527741E5EC894006DA0C3 /* Appearance.app */,
			);
			name = Products;
			sourceTree = "<group>";
		};
		E0C527761E5EC894006DA0C3 /* Appearance */ = {
			isa = PBXGroup;
			children = (
				E0C527771E5EC894006DA0C3 /* AppDelegate.swift */,
				E0C527791E5EC894006DA0C3 /* FirstViewController.swift */,
				E0C5277B1E5EC894006DA0C3 /* SecondViewController.swift */,
				E0C5277D1E5EC894006DA0C3 /* Main.storyboard */,
				E0C527801E5EC894006DA0C3 /* Assets.xcassets */,
				E0C527821E5EC894006DA0C3 /* LaunchScreen.storyboard */,
				E0C527851E5EC894006DA0C3 /* Info.plist */,
				E0C5278B1E5EC99C006DA0C3 /* Theme.swift */,
			);
			path = Appearance;
			sourceTree = "<group>";
		};
/* End PBXGroup section */

/* Begin PBXNativeTarget section */
		E0C527731E5EC893006DA0C3 /* Appearance */ = {
			isa = PBXNativeTarget;
			buildConfigurationList = E0C527881E5EC894006DA0C3 /* Build configuration list for PBXNativeTarget "Appearance" */;
			buildPhases = (
				E0C527701E5EC893006DA0C3 /* Sources */,
				E0C527711E5EC893006DA0C3 /* Frameworks */,
				E0C527721E5EC893006DA0C3 /* Resources */,
			);
			buildRules = (
			);
			dependencies = (
			);
			name = Appearance;
			productName = Appearance;
			productReference = E0C527741E5EC894006DA0C3 /* Appearance.app */;
			productType = "com.apple.product-type.application";
		};
/* End PBXNativeTarget section */

/* Begin PBXProject section */
		E0C5276C1E5EC893006DA0C3 /* Project object */ = {
			isa = PBXProject;
			attributes = {
				LastSwiftUpdateCheck = 0820;
				LastUpgradeCheck = 0820;
				ORGANIZATIONNAME = Bemaxnet;
				TargetAttributes = {
					E0C527731E5EC893006DA0C3 = {
						CreatedOnToolsVersion = 8.2.1;
						ProvisioningStyle = Automatic;
					};
				};
			};
			buildConfigurationList = E0C5276F1E5EC893006DA0C3 /* Build configuration list for PBXProject "Appearance" */;
			compatibilityVersion = "Xcode 3.2";
			developmentRegion = English;
			hasScannedForEncodings = 0;
			knownRegions = (
				en,
				Base,
			);
			mainGroup = E0C5276B1E5EC893006DA0C3;
			productRefGroup = E0C527751E5EC894006DA0C3 /* Products */;
			projectDirPath = "";
			projectRoot = "";
			targets = (
				E0C527731E5EC893006DA0C3 /* Appearance */,
			);
		};
/* End PBXProject section */

/* Begin PBXResourcesBuildPhase section */
		E0C527721E5EC893006DA0C3 /* Resources */ = {
			isa = PBXResourcesBuildPhase;
			buildActionMask = 2147483647;
			files = (
				E0C527841E5EC894006DA0C3 /* LaunchScreen.storyboard in Resources */,
				E0C527811E5EC894006DA0C3 /* Assets.xcassets in Resources */,
				E0C5277F1E5EC894006DA0C3 /* Main.storyboard in Resources */,
			);
			runOnlyForDeploymentPostprocessing = 0;
		};
/* End PBXResourcesBuildPhase section */

/* Begin PBXSourcesBuildPhase section */
		E0C527701E5EC893006DA0C3 /* Sources */ = {
			isa = PBXSourcesBuildPhase;
			buildActionMask = 2147483647;
			files = (
				E0C5277C1E5EC894006DA0C3 /* SecondViewController.swift in Sources */,
				E0C5278C1E5EC99C006DA0C3 /* Theme.swift in Sources */,
				E0C527781E5EC894006DA0C3 /* AppDelegate.swift in Sources */,
				E0C5277A1E5EC894006DA0C3 /* FirstViewController.swift in Sources */,
			);
			runOnlyForDeploymentPostprocessing = 0;
		};
/* End PBXSourcesBuildPhase section */

/* Begin PBXVariantGroup section */
		E0C5277D1E5EC894006DA0C3 /* Main.storyboard */ = {
			isa = PBXVariantGroup;
			children = (
				E0C5277E1E5EC894006DA0C3 /* Base */,
			);
			name = Main.storyboard;
			sourceTree = "<group>";
		};
		E0C527821E5EC894006DA0C3 /* LaunchScreen.storyboard */ = {
			isa = PBXVariantGroup;
			children = (
				E0C527831E5EC894006DA0C3 /* Base */,
			);
			name = LaunchScreen.storyboard;
			sourceTree = "<group>";
		};
/* End PBXVariantGroup section */

/* Begin XCBuildConfiguration section */
		E0C527861E5EC894006DA0C3 /* Debug */ = {
			isa = XCBuildConfiguration;
			buildSettings = {
				ALWAYS_SEARCH_USER_PATHS = NO;
				CLANG_ANALYZER_NONNULL = YES;
				CLANG_CXX_LANGUAGE_STANDARD = "gnu++0x";
				CLANG_CXX_LIBRARY = "libc++";
				CLANG_ENABLE_MODULES = YES;
				CLANG_ENABLE_OBJC_ARC = YES;
				CLANG_WARN_BOOL_CONVERSION = YES;
				CLANG_WARN_CONSTANT_CONVERSION = YES;
				CLANG_WARN_DIRECT_OBJC_ISA_USAGE = YES_ERROR;
				CLANG_WARN_DOCUMENTATION_COMMENTS = YES;
				CLANG_WARN_EMPTY_BODY = YES;
				CLANG_WARN_ENUM_CONVERSION = YES;
				CLANG_WARN_INFINITE_RECURSION = YES;
				CLANG_WARN_INT_CONVERSION = YES;
				CLANG_WARN_OBJC_ROOT_CLASS = YES_ERROR;
				CLANG_WARN_SUSPICIOUS_MOVE = YES;
				CLANG_WARN_UNREACHABLE_CODE = YES;
				CLANG_WARN__DUPLICATE_METHOD_MATCH = YES;
				"CODE_SIGN_IDENTITY[sdk=iphoneos*]" = "iPhone Developer";
				COPY_PHASE_STRIP = NO;
				DEBUG_INFORMATION_FORMAT = dwarf;
				ENABLE_STRICT_OBJC_MSGSEND = YES;
				ENABLE_TESTABILITY = YES;
				GCC_C_LANGUAGE_STANDARD = gnu99;
				GCC_DYNAMIC_NO_PIC = NO;
				GCC_NO_COMMON_BLOCKS = YES;
				GCC_OPTIMIZATION_LEVEL = 0;
				GCC_PREPROCESSOR_DEFINITIONS = (
					"DEBUG=1",
					"$(inherited)",
				);
				GCC_WARN_64_TO_32_BIT_CONVERSION = YES;
				GCC_WARN_ABOUT_RETURN_TYPE = YES_ERROR;
				GCC_WARN_UNDECLARED_SELECTOR = YES;
				GCC_WARN_UNINITIALIZED_AUTOS = YES_AGGRESSIVE;
				GCC_WARN_UNUSED_FUNCTION = YES;
				GCC_WARN_UNUSED_VARIABLE = YES;
				IPHONEOS_DEPLOYMENT_TARGET = 10.2;
				MTL_ENABLE_DEBUG_INFO = YES;
				ONLY_ACTIVE_ARCH = YES;
				SDKROOT = iphoneos;
				SWIFT_ACTIVE_COMPILATION_CONDITIONS = DEBUG;
				SWIFT_OPTIMIZATION_LEVEL = "-Onone";
				TARGETED_DEVICE_FAMILY = "1,2";
			};
			name = Debug;
		};
		E0C527871E5EC894006DA0C3 /* Release */ = {
			isa = XCBuildConfiguration;
			buildSettings = {
				ALWAYS_SEARCH_USER_PATHS = NO;
				CLANG_ANALYZER_NONNULL = YES;
				CLANG_CXX_LANGUAGE_STANDARD = "gnu++0x";
				CLANG_CXX_LIBRARY = "libc++";
				CLANG_ENABLE_MODULES = YES;
				CLANG_ENABLE_OBJC_ARC = YES;
				CLANG_WARN_BOOL_CONVERSION = YES;
				CLANG_WARN_CONSTANT_CONVERSION = YES;
				CLANG_WARN_DIRECT_OBJC_ISA_USAGE = YES_ERROR;
				CLANG_WARN_DOCUMENTATION_COMMENTS = YES;
				CLANG_WARN_EMPTY_BODY = YES;
				CLANG_WARN_ENUM_CONVERSION = YES;
				CLANG_WARN_INFINITE_RECURSION = YES;
				CLANG_WARN_INT_CONVERSION = YES;
				CLANG_WARN_OBJC_ROOT_CLASS = YES_ERROR;
				CLANG_WARN_SUSPICIOUS_MOVE = YES;
				CLANG_WARN_UNREACHABLE_CODE = YES;
				CLANG_WARN__DUPLICATE_METHOD_MATCH = YES;
				"CODE_SIGN_IDENTITY[sdk=iphoneos*]" = "iPhone Developer";
				COPY_PHASE_STRIP = NO;
				DEBUG_INFORMATION_FORMAT = "dwarf-with-dsym";
				ENABLE_NS_ASSERTIONS = NO;
				ENABLE_STRICT_OBJC_MSGSEND = YES;
				GCC_C_LANGUAGE_STANDARD = gnu99;
				GCC_NO_COMMON_BLOCKS = YES;
				GCC_WARN_64_TO_32_BIT_CONVERSION = YES;
				GCC_WARN_ABOUT_RETURN_TYPE = YES_ERROR;
				GCC_WARN_UNDECLARED_SELECTOR = YES;
				GCC_WARN_UNINITIALIZED_AUTOS = YES_AGGRESSIVE;
				GCC_WARN_UNUSED_FUNCTION = YES;
				GCC_WARN_UNUSED_VARIABLE = YES;
				IPHONEOS_DEPLOYMENT_TARGET = 10.2;
				MTL_ENABLE_DEBUG_INFO = NO;
				SDKROOT = iphoneos;
				SWIFT_OPTIMIZATION_LEVEL = "-Owholemodule";
				TARGETED_DEVICE_FAMILY = "1,2";
				VALIDATE_PRODUCT = YES;
			};
			name = Release;
		};
		E0C527891E5EC894006DA0C3 /* Debug */ = {
			isa = XCBuildConfiguration;
			buildSettings = {
				ASSETCATALOG_COMPILER_APPICON_NAME = AppIcon;
				INFOPLIST_FILE = Appearance/Info.plist;
				LD_RUNPATH_SEARCH_PATHS = "$(inherited) @executable_path/Frameworks";
				PRODUCT_BUNDLE_IDENTIFIER = com.Bemaxnet.Appearance;
				PRODUCT_NAME = "$(TARGET_NAME)";
				SWIFT_VERSION = 3.0;
			};
			name = Debug;
		};
		E0C5278A1E5EC894006DA0C3 /* Release */ = {
			isa = XCBuildConfiguration;
			buildSettings = {
				ASSETCATALOG_COMPILER_APPICON_NAME = AppIcon;
				INFOPLIST_FILE = Appearance/Info.plist;
				LD_RUNPATH_SEARCH_PATHS = "$(inherited) @executable_path/Frameworks";
				PRODUCT_BUNDLE_IDENTIFIER = com.Bemaxnet.Appearance;
				PRODUCT_NAME = "$(TARGET_NAME)";
				SWIFT_VERSION = 3.0;
			};
			name = Release;
		};
/* End XCBuildConfiguration section */

/* Begin XCConfigurationList section */
		E0C5276F1E5EC893006DA0C3 /* Build configuration list for PBXProject "Appearance" */ = {
			isa = XCConfigurationList;
			buildConfigurations = (
				E0C527861E5EC894006DA0C3 /* Debug */,
				E0C527871E5EC894006DA0C3 /* Release */,
			);
			defaultConfigurationIsVisible = 0;
			defaultConfigurationName = Release;
		};
		E0C527881E5EC894006DA0C3 /* Build configuration list for PBXNativeTarget "Appearance" */ = {
			isa = XCConfigurationList;
			buildConfigurations = (
				E0C527891E5EC894006DA0C3 /* Debug */,
				E0C5278A1E5EC894006DA0C3 /* Release */,
			);
			defaultConfigurationIsVisible = 0;
		};
/* End XCConfigurationList section */
	};
	rootObject = E0C5276C1E5EC893006DA0C3 /* Project object */;
}
